
Microsoft Visual Studio Solution File, Format Version 12.00
# Visual Studio Version 17
VisualStudioVersion = 17.10.35027.167
MinimumVisualStudioVersion = 10.0.40219.1
Project("{9A19103F-16F7-4668-BE54-9A1E7A4F7556}") = "ABBk_ARP", "ABBk_ARP\ABBk_ARP.csproj", "{C481D965-A83A-4BC9-A066-DE2E29FCD5F0}"
EndProject
Project("{2150E333-8FDC-42A3-9474-1A3956D46DE8}") = "Éléments de solution", "Éléments de solution", "{B294E436-4D86-48B1-9991-A3E72B7C9FE9}"
	ProjectSection(SolutionItems) = preProject
		.gitignore = .gitignore
	EndProjectSection
EndProject
Global
	GlobalSection(SolutionConfigurationPlatforms) = preSolution
		Debug|Any CPU = Debug|Any CPU
		Release|Any CPU = Release|Any CPU
	EndGlobalSection
	GlobalSection(ProjectConfigurationPlatforms) = postSolution
		{C481D965-A83A-4BC9-A066-DE2E29FCD5F0}.Debug|Any CPU.ActiveCfg = Debug|Any CPU
		{C481D965-A83A-4BC9-A066-DE2E29FCD5F0}.Debug|Any CPU.Build.0 = Debug|Any CPU
		{C481D965-A83A-4BC9-A066-DE2E29FCD5F0}.Release|Any CPU.ActiveCfg = Release|Any CPU
		{C481D965-A83A-4BC9-A066-DE2E29FCD5F0}.Release|Any CPU.Build.0 = Release|Any CPU
	EndGlobalSection
	GlobalSection(SolutionProperties) = preSolution
		HideSolutionNode = FALSE
	EndGlobalSection
	GlobalSection(ExtensibilityGlobals) = postSolution
		SolutionGuid = {A558B40E-E4D8-4210-8511-14BD2F2E62F2}
	EndGlobalSection
EndGlobal
